{
  "object": {
    "pins": [
      {
        "package": "BigInt",
        "repositoryURL": "https://github.com/attaswift/BigInt",
        "state": {
          "branch": null,
          "revision": "0ed110f7555c34ff468e72e1686e59721f2b0da6",
          "version": "5.3.0"
        }
      },
      {
        "package": "CryptoSwift",
        "repositoryURL": "https://github.com/krzyzanowskim/CryptoSwift.git",
        "state": {
          "branch": null,
          "revision": "039f56c5d7960f277087a0be51f5eb04ed0ec073",
          "version": "1.5.1"
        }
      },
      {
        "package": "GenericJSON",
        "repositoryURL": "https://github.com/zoul/generic-json-swift",
        "state": {
          "branch": null,
          "revision": "a137894b2a217abe489cdf1ea287e6f7819b1051",
          "version": "2.0.1"
        }
      },
      {
        "package": "KeychainSwift",
        "repositoryURL": "https://github.com/evgenyneu/keychain-swift.git",
        "state": {
          "branch": "master",
          "revision": "32a99b537d1c6f3529a08257c28a5feb70c0c5af",
          "version": null
        }
      },
      {
        "package": "secp256k1",
        "repositoryURL": "https://github.com/Boilertalk/secp256k1.swift",
        "state": {
          "branch": null,
          "revision": "45e458ec3be46cf0a6eb68bc947f797852dc65d8",
          "version": "0.1.6"
        }
      },
      {
        "package": "web3.swift",
        "repositoryURL": "https://github.com/argentlabs/web3.swift",
        "state": {
          "branch": null,
          "revision": "0474eb5e883bc4800b3909833207a1d35e72b808",
          "version": "0.9.3"
        }
      }
    ]
  },
  "version": 1
}
