// !$*UTF8*$!
{
	archiveVersion = 1;
	classes = {
	};
	objectVersion = 52;
	objects = {

/* Begin PBXBuildFile section */
		FA043FA1263832650024358F /* OpenloginSwiftSdk in Frameworks */ = {isa = PBXBuildFile; productRef = FA043FA0263832650024358F /* OpenloginSwiftSdk */; };
		FAD9BC27263823A500439779 /* OpenloginSwiftSdkDemoApp.swift in Sources */ = {isa = PBXBuildFile; fileRef = FAD9BC26263823A500439779 /* OpenloginSwiftSdkDemoApp.swift */; };
		FAD9BC29263823A500439779 /* ContentView.swift in Sources */ = {isa = PBXBuildFile; fileRef = FAD9BC28263823A500439779 /* ContentView.swift */; };
		FAD9BC2B263823A600439779 /* Assets.xcassets in Resources */ = {isa = PBXBuildFile; fileRef = FAD9BC2A263823A600439779 /* Assets.xcassets */; };
		FAD9BC2E263823A600439779 /* Preview Assets.xcassets in Resources */ = {isa = PBXBuildFile; fileRef = FAD9BC2D263823A600439779 /* Preview Assets.xcassets */; };
		FAD9BC39263823A600439779 /* OpenloginSwiftSdkDemoTests.swift in Sources */ = {isa = PBXBuildFile; fileRef = FAD9BC38263823A600439779 /* OpenloginSwiftSdkDemoTests.swift */; };
		FAD9BC44263823A600439779 /* OpenloginSwiftSdkDemoUITests.swift in Sources */ = {isa = PBXBuildFile; fileRef = FAD9BC43263823A600439779 /* OpenloginSwiftSdkDemoUITests.swift */; };
		FAD9BCCE263831BE00439779 /* openlogin-swift-sdk in Resources */ = {isa = PBXBuildFile; fileRef = FAD9BCCA2638317200439779 /* openlogin-swift-sdk */; };
/* End PBXBuildFile section */

/* Begin PBXContainerItemProxy section */
		FAD9BC35263823A600439779 /* PBXContainerItemProxy */ = {
			isa = PBXContainerItemProxy;
			containerPortal = FAD9BC1B263823A500439779 /* Project object */;
			proxyType = 1;
			remoteGlobalIDString = FAD9BC22263823A500439779;
			remoteInfo = OpenloginSwiftSdkDemo;
		};
		FAD9BC40263823A600439779 /* PBXContainerItemProxy */ = {
			isa = PBXContainerItemProxy;
			containerPortal = FAD9BC1B263823A500439779 /* Project object */;
			proxyType = 1;
			remoteGlobalIDString = FAD9BC22263823A500439779;
			remoteInfo = OpenloginSwiftSdkDemo;
		};
/* End PBXContainerItemProxy section */

/* Begin PBXFileReference section */
		FAD9BC23263823A500439779 /* OpenloginSwiftSdkDemo.app */ = {isa = PBXFileReference; explicitFileType = wrapper.application; includeInIndex = 0; path = OpenloginSwiftSdkDemo.app; sourceTree = BUILT_PRODUCTS_DIR; };
		FAD9BC26263823A500439779 /* OpenloginSwiftSdkDemoApp.swift */ = {isa = PBXFileReference; lastKnownFileType = sourcecode.swift; path = OpenloginSwiftSdkDemoApp.swift; sourceTree = "<group>"; };
		FAD9BC28263823A500439779 /* ContentView.swift */ = {isa = PBXFileReference; lastKnownFileType = sourcecode.swift; path = ContentView.swift; sourceTree = "<group>"; };
		FAD9BC2A263823A600439779 /* Assets.xcassets */ = {isa = PBXFileReference; lastKnownFileType = folder.assetcatalog; path = Assets.xcassets; sourceTree = "<group>"; };
		FAD9BC2D263823A600439779 /* Preview Assets.xcassets */ = {isa = PBXFileReference; lastKnownFileType = folder.assetcatalog; path = "Preview Assets.xcassets"; sourceTree = "<group>"; };
		FAD9BC2F263823A600439779 /* Info.plist */ = {isa = PBXFileReference; lastKnownFileType = text.plist.xml; path = Info.plist; sourceTree = "<group>"; };
		FAD9BC34263823A600439779 /* OpenloginSwiftSdkDemoTests.xctest */ = {isa = PBXFileReference; explicitFileType = wrapper.cfbundle; includeInIndex = 0; path = OpenloginSwiftSdkDemoTests.xctest; sourceTree = BUILT_PRODUCTS_DIR; };
		FAD9BC38263823A600439779 /* OpenloginSwiftSdkDemoTests.swift */ = {isa = PBXFileReference; lastKnownFileType = sourcecode.swift; path = OpenloginSwiftSdkDemoTests.swift; sourceTree = "<group>"; };
		FAD9BC3A263823A600439779 /* Info.plist */ = {isa = PBXFileReference; lastKnownFileType = text.plist.xml; path = Info.plist; sourceTree = "<group>"; };
		FAD9BC3F263823A600439779 /* OpenloginSwiftSdkDemoUITests.xctest */ = {isa = PBXFileReference; explicitFileType = wrapper.cfbundle; includeInIndex = 0; path = OpenloginSwiftSdkDemoUITests.xctest; sourceTree = BUILT_PRODUCTS_DIR; };
		FAD9BC43263823A600439779 /* OpenloginSwiftSdkDemoUITests.swift */ = {isa = PBXFileReference; lastKnownFileType = sourcecode.swift; path = OpenloginSwiftSdkDemoUITests.swift; sourceTree = "<group>"; };
		FAD9BC45263823A600439779 /* Info.plist */ = {isa = PBXFileReference; lastKnownFileType = text.plist.xml; path = Info.plist; sourceTree = "<group>"; };
		FAD9BCCA2638317200439779 /* openlogin-swift-sdk */ = {isa = PBXFileReference; lastKnownFileType = folder; name = "openlogin-swift-sdk"; path = ..; sourceTree = "<group>"; };
/* End PBXFileReference section */

/* Begin PBXFrameworksBuildPhase section */
		FAD9BC20263823A500439779 /* Frameworks */ = {
			isa = PBXFrameworksBuildPhase;
			buildActionMask = 2147483647;
			files = (
				FA043FA1263832650024358F /* OpenloginSwiftSdk in Frameworks */,
			);
			runOnlyForDeploymentPostprocessing = 0;
		};
		FAD9BC31263823A600439779 /* Frameworks */ = {
			isa = PBXFrameworksBuildPhase;
			buildActionMask = 2147483647;
			files = (
			);
			runOnlyForDeploymentPostprocessing = 0;
		};
		FAD9BC3C263823A600439779 /* Frameworks */ = {
			isa = PBXFrameworksBuildPhase;
			buildActionMask = 2147483647;
			files = (
			);
			runOnlyForDeploymentPostprocessing = 0;
		};
/* End PBXFrameworksBuildPhase section */

/* Begin PBXGroup section */
		FAD9BC1A263823A500439779 = {
			isa = PBXGroup;
			children = (
				FAD9BC25263823A500439779 /* OpenloginSwiftSdkDemo */,
				FAD9BC37263823A600439779 /* OpenloginSwiftSdkDemoTests */,
				FAD9BC42263823A600439779 /* OpenloginSwiftSdkDemoUITests */,
				FAD9BC24263823A500439779 /* Products */,
				FAD9BC542638241800439779 /* Frameworks */,
			);
			sourceTree = "<group>";
		};
		FAD9BC24263823A500439779 /* Products */ = {
			isa = PBXGroup;
			children = (
				FAD9BC23263823A500439779 /* OpenloginSwiftSdkDemo.app */,
				FAD9BC34263823A600439779 /* OpenloginSwiftSdkDemoTests.xctest */,
				FAD9BC3F263823A600439779 /* OpenloginSwiftSdkDemoUITests.xctest */,
			);
			name = Products;
			sourceTree = "<group>";
		};
		FAD9BC25263823A500439779 /* OpenloginSwiftSdkDemo */ = {
			isa = PBXGroup;
			children = (
				FAD9BC26263823A500439779 /* OpenloginSwiftSdkDemoApp.swift */,
				FAD9BC28263823A500439779 /* ContentView.swift */,
				FAD9BC2A263823A600439779 /* Assets.xcassets */,
				FAD9BC2F263823A600439779 /* Info.plist */,
				FAD9BC2C263823A600439779 /* Preview Content */,
			);
			path = OpenloginSwiftSdkDemo;
			sourceTree = "<group>";
		};
		FAD9BC2C263823A600439779 /* Preview Content */ = {
			isa = PBXGroup;
			children = (
				FAD9BC2D263823A600439779 /* Preview Assets.xcassets */,
			);
			path = "Preview Content";
			sourceTree = "<group>";
		};
		FAD9BC37263823A600439779 /* OpenloginSwiftSdkDemoTests */ = {
			isa = PBXGroup;
			children = (
				FAD9BC38263823A600439779 /* OpenloginSwiftSdkDemoTests.swift */,
				FAD9BC3A263823A600439779 /* Info.plist */,
			);
			path = OpenloginSwiftSdkDemoTests;
			sourceTree = "<group>";
		};
		FAD9BC42263823A600439779 /* OpenloginSwiftSdkDemoUITests */ = {
			isa = PBXGroup;
			children = (
				FAD9BC43263823A600439779 /* OpenloginSwiftSdkDemoUITests.swift */,
				FAD9BC45263823A600439779 /* Info.plist */,
			);
			path = OpenloginSwiftSdkDemoUITests;
			sourceTree = "<group>";
		};
		FAD9BC542638241800439779 /* Frameworks */ = {
			isa = PBXGroup;
			children = (
				FAD9BCCA2638317200439779 /* openlogin-swift-sdk */,
			);
			name = Frameworks;
			sourceTree = "<group>";
		};
/* End PBXGroup section */

/* Begin PBXNativeTarget section */
		FAD9BC22263823A500439779 /* OpenloginSwiftSdkDemo */ = {
			isa = PBXNativeTarget;
			buildConfigurationList = FAD9BC48263823A600439779 /* Build configuration list for PBXNativeTarget "OpenloginSwiftSdkDemo" */;
			buildPhases = (
				FAD9BC1F263823A500439779 /* Sources */,
				FAD9BC20263823A500439779 /* Frameworks */,
				FAD9BC21263823A500439779 /* Resources */,
			);
			buildRules = (
			);
			dependencies = (
			);
			name = OpenloginSwiftSdkDemo;
			packageProductDependencies = (
				FA043FA0263832650024358F /* OpenloginSwiftSdk */,
			);
			productName = OpenloginSwiftSdkDemo;
			productReference = FAD9BC23263823A500439779 /* OpenloginSwiftSdkDemo.app */;
			productType = "com.apple.product-type.application";
		};
		FAD9BC33263823A600439779 /* OpenloginSwiftSdkDemoTests */ = {
			isa = PBXNativeTarget;
			buildConfigurationList = FAD9BC4B263823A600439779 /* Build configuration list for PBXNativeTarget "OpenloginSwiftSdkDemoTests" */;
			buildPhases = (
				FAD9BC30263823A600439779 /* Sources */,
				FAD9BC31263823A600439779 /* Frameworks */,
				FAD9BC32263823A600439779 /* Resources */,
			);
			buildRules = (
			);
			dependencies = (
				FAD9BC36263823A600439779 /* PBXTargetDependency */,
			);
			name = OpenloginSwiftSdkDemoTests;
			productName = OpenloginSwiftSdkDemoTests;
			productReference = FAD9BC34263823A600439779 /* OpenloginSwiftSdkDemoTests.xctest */;
			productType = "com.apple.product-type.bundle.unit-test";
		};
		FAD9BC3E263823A600439779 /* OpenloginSwiftSdkDemoUITests */ = {
			isa = PBXNativeTarget;
			buildConfigurationList = FAD9BC4E263823A600439779 /* Build configuration list for PBXNativeTarget "OpenloginSwiftSdkDemoUITests" */;
			buildPhases = (
				FAD9BC3B263823A600439779 /* Sources */,
				FAD9BC3C263823A600439779 /* Frameworks */,
				FAD9BC3D263823A600439779 /* Resources */,
			);
			buildRules = (
			);
			dependencies = (
				FAD9BC41263823A600439779 /* PBXTargetDependency */,
			);
			name = OpenloginSwiftSdkDemoUITests;
			productName = OpenloginSwiftSdkDemoUITests;
			productReference = FAD9BC3F263823A600439779 /* OpenloginSwiftSdkDemoUITests.xctest */;
			productType = "com.apple.product-type.bundle.ui-testing";
		};
/* End PBXNativeTarget section */

/* Begin PBXProject section */
		FAD9BC1B263823A500439779 /* Project object */ = {
			isa = PBXProject;
			attributes = {
				LastSwiftUpdateCheck = 1240;
				LastUpgradeCheck = 1240;
				TargetAttributes = {
					FAD9BC22263823A500439779 = {
						CreatedOnToolsVersion = 12.4;
					};
					FAD9BC33263823A600439779 = {
						CreatedOnToolsVersion = 12.4;
						TestTargetID = FAD9BC22263823A500439779;
					};
					FAD9BC3E263823A600439779 = {
						CreatedOnToolsVersion = 12.4;
						TestTargetID = FAD9BC22263823A500439779;
					};
				};
			};
			buildConfigurationList = FAD9BC1E263823A500439779 /* Build configuration list for PBXProject "OpenloginSwiftSdkDemo" */;
			compatibilityVersion = "Xcode 9.3";
			developmentRegion = en;
			hasScannedForEncodings = 0;
			knownRegions = (
				en,
				Base,
			);
			mainGroup = FAD9BC1A263823A500439779;
			productRefGroup = FAD9BC24263823A500439779 /* Products */;
			projectDirPath = "";
			projectRoot = "";
			targets = (
				FAD9BC22263823A500439779 /* OpenloginSwiftSdkDemo */,
				FAD9BC33263823A600439779 /* OpenloginSwiftSdkDemoTests */,
				FAD9BC3E263823A600439779 /* OpenloginSwiftSdkDemoUITests */,
			);
		};
/* End PBXProject section */

/* Begin PBXResourcesBuildPhase section */
		FAD9BC21263823A500439779 /* Resources */ = {
			isa = PBXResourcesBuildPhase;
			buildActionMask = 2147483647;
			files = (
				FAD9BCCE263831BE00439779 /* openlogin-swift-sdk in Resources */,
				FAD9BC2E263823A600439779 /* Preview Assets.xcassets in Resources */,
				FAD9BC2B263823A600439779 /* Assets.xcassets in Resources */,
			);
			runOnlyForDeploymentPostprocessing = 0;
		};
		FAD9BC32263823A600439779 /* Resources */ = {
			isa = PBXResourcesBuildPhase;
			buildActionMask = 2147483647;
			files = (
			);
			runOnlyForDeploymentPostprocessing = 0;
		};
		FAD9BC3D263823A600439779 /* Resources */ = {
			isa = PBXResourcesBuildPhase;
			buildActionMask = 2147483647;
			files = (
			);
			runOnlyForDeploymentPostprocessing = 0;
		};
/* End PBXResourcesBuildPhase section */

/* Begin PBXSourcesBuildPhase section */
		FAD9BC1F263823A500439779 /* Sources */ = {
			isa = PBXSourcesBuildPhase;
			buildActionMask = 2147483647;
			files = (
				FAD9BC29263823A500439779 /* ContentView.swift in Sources */,
				FAD9BC27263823A500439779 /* OpenloginSwiftSdkDemoApp.swift in Sources */,
			);
			runOnlyForDeploymentPostprocessing = 0;
		};
		FAD9BC30263823A600439779 /* Sources */ = {
			isa = PBXSourcesBuildPhase;
			buildActionMask = 2147483647;
			files = (
				FAD9BC39263823A600439779 /* OpenloginSwiftSdkDemoTests.swift in Sources */,
			);
			runOnlyForDeploymentPostprocessing = 0;
		};
		FAD9BC3B263823A600439779 /* Sources */ = {
			isa = PBXSourcesBuildPhase;
			buildActionMask = 2147483647;
			files = (
				FAD9BC44263823A600439779 /* OpenloginSwiftSdkDemoUITests.swift in Sources */,
			);
			runOnlyForDeploymentPostprocessing = 0;
		};
/* End PBXSourcesBuildPhase section */

/* Begin PBXTargetDependency section */
		FAD9BC36263823A600439779 /* PBXTargetDependency */ = {
			isa = PBXTargetDependency;
			target = FAD9BC22263823A500439779 /* OpenloginSwiftSdkDemo */;
			targetProxy = FAD9BC35263823A600439779 /* PBXContainerItemProxy */;
		};
		FAD9BC41263823A600439779 /* PBXTargetDependency */ = {
			isa = PBXTargetDependency;
			target = FAD9BC22263823A500439779 /* OpenloginSwiftSdkDemo */;
			targetProxy = FAD9BC40263823A600439779 /* PBXContainerItemProxy */;
		};
/* End PBXTargetDependency section */

/* Begin XCBuildConfiguration section */
		FAD9BC46263823A600439779 /* Debug */ = {
			isa = XCBuildConfiguration;
			buildSettings = {
				ALWAYS_SEARCH_USER_PATHS = NO;
				CLANG_ANALYZER_NONNULL = YES;
				CLANG_ANALYZER_NUMBER_OBJECT_CONVERSION = YES_AGGRESSIVE;
				CLANG_CXX_LANGUAGE_STANDARD = "gnu++14";
				CLANG_CXX_LIBRARY = "libc++";
				CLANG_ENABLE_MODULES = YES;
				CLANG_ENABLE_OBJC_ARC = YES;
				CLANG_ENABLE_OBJC_WEAK = YES;
				CLANG_WARN_BLOCK_CAPTURE_AUTORELEASING = YES;
				CLANG_WARN_BOOL_CONVERSION = YES;
				CLANG_WARN_COMMA = YES;
				CLANG_WARN_CONSTANT_CONVERSION = YES;
				CLANG_WARN_DEPRECATED_OBJC_IMPLEMENTATIONS = YES;
				CLANG_WARN_DIRECT_OBJC_ISA_USAGE = YES_ERROR;
				CLANG_WARN_DOCUMENTATION_COMMENTS = YES;
				CLANG_WARN_EMPTY_BODY = YES;
				CLANG_WARN_ENUM_CONVERSION = YES;
				CLANG_WARN_INFINITE_RECURSION = YES;
				CLANG_WARN_INT_CONVERSION = YES;
				CLANG_WARN_NON_LITERAL_NULL_CONVERSION = YES;
				CLANG_WARN_OBJC_IMPLICIT_RETAIN_SELF = YES;
				CLANG_WARN_OBJC_LITERAL_CONVERSION = YES;
				CLANG_WARN_OBJC_ROOT_CLASS = YES_ERROR;
				CLANG_WARN_QUOTED_INCLUDE_IN_FRAMEWORK_HEADER = YES;
				CLANG_WARN_RANGE_LOOP_ANALYSIS = YES;
				CLANG_WARN_STRICT_PROTOTYPES = YES;
				CLANG_WARN_SUSPICIOUS_MOVE = YES;
				CLANG_WARN_UNGUARDED_AVAILABILITY = YES_AGGRESSIVE;
				CLANG_WARN_UNREACHABLE_CODE = YES;
				CLANG_WARN__DUPLICATE_METHOD_MATCH = YES;
				COPY_PHASE_STRIP = NO;
				DEBUG_INFORMATION_FORMAT = dwarf;
				ENABLE_STRICT_OBJC_MSGSEND = YES;
				ENABLE_TESTABILITY = YES;
				GCC_C_LANGUAGE_STANDARD = gnu11;
				GCC_DYNAMIC_NO_PIC = NO;
				GCC_NO_COMMON_BLOCKS = YES;
				GCC_OPTIMIZATION_LEVEL = 0;
				GCC_PREPROCESSOR_DEFINITIONS = (
					"DEBUG=1",
					"$(inherited)",
				);
				GCC_WARN_64_TO_32_BIT_CONVERSION = YES;
				GCC_WARN_ABOUT_RETURN_TYPE = YES_ERROR;
				GCC_WARN_UNDECLARED_SELECTOR = YES;
				GCC_WARN_UNINITIALIZED_AUTOS = YES_AGGRESSIVE;
				GCC_WARN_UNUSED_FUNCTION = YES;
				GCC_WARN_UNUSED_VARIABLE = YES;
				IPHONEOS_DEPLOYMENT_TARGET = 14.4;
				MTL_ENABLE_DEBUG_INFO = INCLUDE_SOURCE;
				MTL_FAST_MATH = YES;
				ONLY_ACTIVE_ARCH = YES;
				SDKROOT = iphoneos;
				SWIFT_ACTIVE_COMPILATION_CONDITIONS = DEBUG;
				SWIFT_OPTIMIZATION_LEVEL = "-Onone";
			};
			name = Debug;
		};
		FAD9BC47263823A600439779 /* Release */ = {
			isa = XCBuildConfiguration;
			buildSettings = {
				ALWAYS_SEARCH_USER_PATHS = NO;
				CLANG_ANALYZER_NONNULL = YES;
				CLANG_ANALYZER_NUMBER_OBJECT_CONVERSION = YES_AGGRESSIVE;
				CLANG_CXX_LANGUAGE_STANDARD = "gnu++14";
				CLANG_CXX_LIBRARY = "libc++";
				CLANG_ENABLE_MODULES = YES;
				CLANG_ENABLE_OBJC_ARC = YES;
				CLANG_ENABLE_OBJC_WEAK = YES;
				CLANG_WARN_BLOCK_CAPTURE_AUTORELEASING = YES;
				CLANG_WARN_BOOL_CONVERSION = YES;
				CLANG_WARN_COMMA = YES;
				CLANG_WARN_CONSTANT_CONVERSION = YES;
				CLANG_WARN_DEPRECATED_OBJC_IMPLEMENTATIONS = YES;
				CLANG_WARN_DIRECT_OBJC_ISA_USAGE = YES_ERROR;
				CLANG_WARN_DOCUMENTATION_COMMENTS = YES;
				CLANG_WARN_EMPTY_BODY = YES;
				CLANG_WARN_ENUM_CONVERSION = YES;
				CLANG_WARN_INFINITE_RECURSION = YES;
				CLANG_WARN_INT_CONVERSION = YES;
				CLANG_WARN_NON_LITERAL_NULL_CONVERSION = YES;
				CLANG_WARN_OBJC_IMPLICIT_RETAIN_SELF = YES;
				CLANG_WARN_OBJC_LITERAL_CONVERSION = YES;
				CLANG_WARN_OBJC_ROOT_CLASS = YES_ERROR;
				CLANG_WARN_QUOTED_INCLUDE_IN_FRAMEWORK_HEADER = YES;
				CLANG_WARN_RANGE_LOOP_ANALYSIS = YES;
				CLANG_WARN_STRICT_PROTOTYPES = YES;
				CLANG_WARN_SUSPICIOUS_MOVE = YES;
				CLANG_WARN_UNGUARDED_AVAILABILITY = YES_AGGRESSIVE;
				CLANG_WARN_UNREACHABLE_CODE = YES;
				CLANG_WARN__DUPLICATE_METHOD_MATCH = YES;
				COPY_PHASE_STRIP = NO;
				DEBUG_INFORMATION_FORMAT = "dwarf-with-dsym";
				ENABLE_NS_ASSERTIONS = NO;
				ENABLE_STRICT_OBJC_MSGSEND = YES;
				GCC_C_LANGUAGE_STANDARD = gnu11;
				GCC_NO_COMMON_BLOCKS = YES;
				GCC_WARN_64_TO_32_BIT_CONVERSION = YES;
				GCC_WARN_ABOUT_RETURN_TYPE = YES_ERROR;
				GCC_WARN_UNDECLARED_SELECTOR = YES;
				GCC_WARN_UNINITIALIZED_AUTOS = YES_AGGRESSIVE;
				GCC_WARN_UNUSED_FUNCTION = YES;
				GCC_WARN_UNUSED_VARIABLE = YES;
				IPHONEOS_DEPLOYMENT_TARGET = 14.4;
				MTL_ENABLE_DEBUG_INFO = NO;
				MTL_FAST_MATH = YES;
				SDKROOT = iphoneos;
				SWIFT_COMPILATION_MODE = wholemodule;
				SWIFT_OPTIMIZATION_LEVEL = "-O";
				VALIDATE_PRODUCT = YES;
			};
			name = Release;
		};
		FAD9BC49263823A600439779 /* Debug */ = {
			isa = XCBuildConfiguration;
			buildSettings = {
				ASSETCATALOG_COMPILER_APPICON_NAME = AppIcon;
				ASSETCATALOG_COMPILER_GLOBAL_ACCENT_COLOR_NAME = AccentColor;
				CODE_SIGN_STYLE = Automatic;
				DEVELOPMENT_ASSET_PATHS = "";
				ENABLE_PREVIEWS = YES;
				INFOPLIST_FILE = OpenloginSwiftSdkDemo/Info.plist;
				IPHONEOS_DEPLOYMENT_TARGET = 14.0;
				LD_RUNPATH_SEARCH_PATHS = (
					"$(inherited)",
					"@executable_path/Frameworks",
				);
				PRODUCT_BUNDLE_IDENTIFIER = com.himanshu.OpenloginSwiftSdkDemo;
				PRODUCT_NAME = "$(TARGET_NAME)";
				SWIFT_VERSION = 5.0;
				TARGETED_DEVICE_FAMILY = "1,2";
			};
			name = Debug;
		};
		FAD9BC4A263823A600439779 /* Release */ = {
			isa = XCBuildConfiguration;
			buildSettings = {
				ASSETCATALOG_COMPILER_APPICON_NAME = AppIcon;
				ASSETCATALOG_COMPILER_GLOBAL_ACCENT_COLOR_NAME = AccentColor;
				CODE_SIGN_STYLE = Automatic;
				DEVELOPMENT_ASSET_PATHS = "";
				ENABLE_PREVIEWS = YES;
				INFOPLIST_FILE = OpenloginSwiftSdkDemo/Info.plist;
				IPHONEOS_DEPLOYMENT_TARGET = 14.0;
				LD_RUNPATH_SEARCH_PATHS = (
					"$(inherited)",
					"@executable_path/Frameworks",
				);
				PRODUCT_BUNDLE_IDENTIFIER = com.himanshu.OpenloginSwiftSdkDemo;
				PRODUCT_NAME = "$(TARGET_NAME)";
				SWIFT_VERSION = 5.0;
				TARGETED_DEVICE_FAMILY = "1,2";
			};
			name = Release;
		};
		FAD9BC4C263823A600439779 /* Debug */ = {
			isa = XCBuildConfiguration;
			buildSettings = {
				ALWAYS_EMBED_SWIFT_STANDARD_LIBRARIES = YES;
				BUNDLE_LOADER = "$(TEST_HOST)";
				CODE_SIGN_STYLE = Automatic;
				INFOPLIST_FILE = OpenloginSwiftSdkDemoTests/Info.plist;
				IPHONEOS_DEPLOYMENT_TARGET = 14.0;
				LD_RUNPATH_SEARCH_PATHS = (
					"$(inherited)",
					"@executable_path/Frameworks",
					"@loader_path/Frameworks",
				);
				PRODUCT_BUNDLE_IDENTIFIER = com.himanshu.OpenloginSwiftSdkDemoTests;
				PRODUCT_NAME = "$(TARGET_NAME)";
				SWIFT_VERSION = 5.0;
				TARGETED_DEVICE_FAMILY = "1,2";
				TEST_HOST = "$(BUILT_PRODUCTS_DIR)/OpenloginSwiftSdkDemo.app/OpenloginSwiftSdkDemo";
			};
			name = Debug;
		};
		FAD9BC4D263823A600439779 /* Release */ = {
			isa = XCBuildConfiguration;
			buildSettings = {
				ALWAYS_EMBED_SWIFT_STANDARD_LIBRARIES = YES;
				BUNDLE_LOADER = "$(TEST_HOST)";
				CODE_SIGN_STYLE = Automatic;
				INFOPLIST_FILE = OpenloginSwiftSdkDemoTests/Info.plist;
				IPHONEOS_DEPLOYMENT_TARGET = 14.0;
				LD_RUNPATH_SEARCH_PATHS = (
					"$(inherited)",
					"@executable_path/Frameworks",
					"@loader_path/Frameworks",
				);
				PRODUCT_BUNDLE_IDENTIFIER = com.himanshu.OpenloginSwiftSdkDemoTests;
				PRODUCT_NAME = "$(TARGET_NAME)";
				SWIFT_VERSION = 5.0;
				TARGETED_DEVICE_FAMILY = "1,2";
				TEST_HOST = "$(BUILT_PRODUCTS_DIR)/OpenloginSwiftSdkDemo.app/OpenloginSwiftSdkDemo";
			};
			name = Release;
		};
		FAD9BC4F263823A600439779 /* Debug */ = {
			isa = XCBuildConfiguration;
			buildSettings = {
				ALWAYS_EMBED_SWIFT_STANDARD_LIBRARIES = YES;
				CODE_SIGN_STYLE = Automatic;
				INFOPLIST_FILE = OpenloginSwiftSdkDemoUITests/Info.plist;
				LD_RUNPATH_SEARCH_PATHS = (
					"$(inherited)",
					"@executable_path/Frameworks",
					"@loader_path/Frameworks",
				);
				PRODUCT_BUNDLE_IDENTIFIER = com.himanshu.OpenloginSwiftSdkDemoUITests;
				PRODUCT_NAME = "$(TARGET_NAME)";
				SWIFT_VERSION = 5.0;
				TARGETED_DEVICE_FAMILY = "1,2";
				TEST_TARGET_NAME = OpenloginSwiftSdkDemo;
			};
			name = Debug;
		};
		FAD9BC50263823A600439779 /* Release */ = {
			isa = XCBuildConfiguration;
			buildSettings = {
				ALWAYS_EMBED_SWIFT_STANDARD_LIBRARIES = YES;
				CODE_SIGN_STYLE = Automatic;
				INFOPLIST_FILE = OpenloginSwiftSdkDemoUITests/Info.plist;
				LD_RUNPATH_SEARCH_PATHS = (
					"$(inherited)",
					"@executable_path/Frameworks",
					"@loader_path/Frameworks",
				);
				PRODUCT_BUNDLE_IDENTIFIER = com.himanshu.OpenloginSwiftSdkDemoUITests;
				PRODUCT_NAME = "$(TARGET_NAME)";
				SWIFT_VERSION = 5.0;
				TARGETED_DEVICE_FAMILY = "1,2";
				TEST_TARGET_NAME = OpenloginSwiftSdkDemo;
			};
			name = Release;
		};
/* End XCBuildConfiguration section */

/* Begin XCConfigurationList section */
		FAD9BC1E263823A500439779 /* Build configuration list for PBXProject "OpenloginSwiftSdkDemo" */ = {
			isa = XCConfigurationList;
			buildConfigurations = (
				FAD9BC46263823A600439779 /* Debug */,
				FAD9BC47263823A600439779 /* Release */,
			);
			defaultConfigurationIsVisible = 0;
			defaultConfigurationName = Release;
		};
		FAD9BC48263823A600439779 /* Build configuration list for PBXNativeTarget "OpenloginSwiftSdkDemo" */ = {
			isa = XCConfigurationList;
			buildConfigurations = (
				FAD9BC49263823A600439779 /* Debug */,
				FAD9BC4A263823A600439779 /* Release */,
			);
			defaultConfigurationIsVisible = 0;
			defaultConfigurationName = Release;
		};
		FAD9BC4B263823A600439779 /* Build configuration list for PBXNativeTarget "OpenloginSwiftSdkDemoTests" */ = {
			isa = XCConfigurationList;
			buildConfigurations = (
				FAD9BC4C263823A600439779 /* Debug */,
				FAD9BC4D263823A600439779 /* Release */,
			);
			defaultConfigurationIsVisible = 0;
			defaultConfigurationName = Release;
		};
		FAD9BC4E263823A600439779 /* Build configuration list for PBXNativeTarget "OpenloginSwiftSdkDemoUITests" */ = {
			isa = XCConfigurationList;
			buildConfigurations = (
				FAD9BC4F263823A600439779 /* Debug */,
				FAD9BC50263823A600439779 /* Release */,
			);
			defaultConfigurationIsVisible = 0;
			defaultConfigurationName = Release;
		};
/* End XCConfigurationList section */

/* Begin XCSwiftPackageProductDependency section */
		FA043FA0263832650024358F /* OpenloginSwiftSdk */ = {
			isa = XCSwiftPackageProductDependency;
			productName = OpenloginSwiftSdk;
		};
/* End XCSwiftPackageProductDependency section */
	};
	rootObject = FAD9BC1B263823A500439779 /* Project object */;
}
